
Microsoft Visual Studio Solution File, Format Version 12.00
# Visual Studio Version 16
VisualStudioVersion = 16.0.31205.134
MinimumVisualStudioVersion = 10.0.40219.1
Project("{2150E333-8FDC-42A3-9474-1A3956D46DE8}") = "公用基础层", "公用基础层", "{4773CF66-A6E0-4A86-95BF-8DA1EA8EB8B1}"
EndProject
Project("{2150E333-8FDC-42A3-9474-1A3956D46DE8}") = "数据基础层", "数据基础层", "{7F19F07D-D9E8-4F1F-B707-9E99FDD683F9}"
EndProject
Project("{2150E333-8FDC-42A3-9474-1A3956D46DE8}") = "业务接口层", "业务接口层", "{DFEC1B2D-2709-4302-A8A1-C96A0CCAD004}"
EndProject
Project("{2150E333-8FDC-42A3-9474-1A3956D46DE8}") = "业务逻辑层", "业务逻辑层", "{17625B7A-AEB8-476F-98D0-32F3B3D428AA}"
EndProject
Project("{2150E333-8FDC-42A3-9474-1A3956D46DE8}") = "组件服务层", "组件服务层", "{B5C61424-F0D9-476A-ACAE-979FF22E3B93}"
EndProject
Project("{2150E333-8FDC-42A3-9474-1A3956D46DE8}") = "业务入口层", "业务入口层", "{52B02919-FB44-4066-84EF-383F4B06E70D}"
EndProject
Project("{9A19103F-16F7-4668-BE54-9A1E7A4F7556}") = "Mily.Wind.SugarContext", "数据基础层\Mily.Wind.SugarContext\Mily.Wind.SugarContext.csproj", "{5AE956C7-00F6-476D-BF79-61F3154DD9C6}"
EndProject
Project("{9A19103F-16F7-4668-BE54-9A1E7A4F7556}") = "Mily.Wind.SugarEntity", "数据基础层\Mily.Wind.SugarEntity\Mily.Wind.SugarEntity.csproj", "{53025CFB-3466-4B0A-8677-A2512BE6B3D0}"
EndProject
Project("{9A19103F-16F7-4668-BE54-9A1E7A4F7556}") = "Mily.Wind.Extens", "公用基础层\Mily.Wind.Extens\Mily.Wind.Extens.csproj", "{A74AD075-179C-46BB-B7C3-244D6EC77CB9}"
EndProject
Project("{9A19103F-16F7-4668-BE54-9A1E7A4F7556}") = "Mily.Wind.VMod", "公用基础层\Mily.Wind.VMod\Mily.Wind.VMod.csproj", "{84B84B73-5CE3-4C45-9572-480750B83829}"
EndProject
Project("{9A19103F-16F7-4668-BE54-9A1E7A4F7556}") = "Mily.Wind.Plugin", "组件服务层\Mily.Wind.Plugin\Mily.Wind.Plugin.csproj", "{E0601739-027C-40D2-9A9D-C380D63BA397}"
EndProject
Project("{9A19103F-16F7-4668-BE54-9A1E7A4F7556}") = "Mily.Wind.HostApi", "业务入口层\Mily.Wind.HostApi\Mily.Wind.HostApi.csproj", "{F05623BD-1552-49AB-B773-C73EF88987D0}"
EndProject
Project("{9A19103F-16F7-4668-BE54-9A1E7A4F7556}") = "Mily.Wind.Application", "业务接口层\Mily.Wind.Application\Mily.Wind.Application.csproj", "{561F6E7B-7354-4545-B61E-6C5A75DDE423}"
EndProject
Project("{9A19103F-16F7-4668-BE54-9A1E7A4F7556}") = "Mily.Wind.Logic", "业务逻辑层\Mily.Wind.Logic\Mily.Wind.Logic.csproj", "{1E354A8F-B63F-47C4-A299-D746CF3BD0CC}"
EndProject
Project("{9A19103F-16F7-4668-BE54-9A1E7A4F7556}") = "Mily.Wind.LogApi", "业务入口层\Mily.Wind.LogApi\Mily.Wind.LogApi.csproj", "{9235F179-E471-4E2A-86D5-5417BE4DC611}"
EndProject
Project("{9A19103F-16F7-4668-BE54-9A1E7A4F7556}") = "Mily.Wind.LogApplication", "业务接口层\Mily.Wind.LogApplication\Mily.Wind.LogApplication.csproj", "{4F67073C-6402-4600-9B4A-3BBDD9B4506A}"
EndProject
Project("{9A19103F-16F7-4668-BE54-9A1E7A4F7556}") = "Mily.Wind.LogLogic", "业务逻辑层\Mily.Wind.LogLogic\Mily.Wind.LogLogic.csproj", "{357588FE-C6D4-4256-B6C5-86A48D17749C}"
EndProject
Project("{9A19103F-16F7-4668-BE54-9A1E7A4F7556}") = "Mily.Wind.LogPlugin", "组件服务层\Mily.Wind.LogPlugin\Mily.Wind.LogPlugin.csproj", "{CCDBD748-94D4-4483-8B40-8C9D141DE9A1}"
EndProject
Project("{9A19103F-16F7-4668-BE54-9A1E7A4F7556}") = "Mily.Wind.QuartzPlugin", "组件服务层\Mily.Wind.QuartzPlugin\Mily.Wind.QuartzPlugin.csproj", "{1A375D02-730E-492B-9B40-C5981250B3F8}"
EndProject
Project("{FAE04EC0-301F-11D3-BF4B-00C04F79EFBC}") = "Mily.Wind.OptionLogic", "业务逻辑层\Mily.Wind.OptionLogic\Mily.Wind.OptionLogic.csproj", "{BEFF8AEB-05D2-4606-8EE4-F2306577D36C}"
EndProject
Project("{FAE04EC0-301F-11D3-BF4B-00C04F79EFBC}") = "Mily.Wind.OptionApplication", "业务接口层\Mily.Wind.OptionApplication\Mily.Wind.OptionApplication.csproj", "{D1D937B0-20D0-4FE2-B1AF-5E8A54002E8B}"
EndProject
Global
	GlobalSection(SolutionConfigurationPlatforms) = preSolution
		Debug|Any CPU = Debug|Any CPU
		Release|Any CPU = Release|Any CPU
	EndGlobalSection
	GlobalSection(ProjectConfigurationPlatforms) = postSolution
		{5AE956C7-00F6-476D-BF79-61F3154DD9C6}.Debug|Any CPU.ActiveCfg = Debug|Any CPU
		{5AE956C7-00F6-476D-BF79-61F3154DD9C6}.Debug|Any CPU.Build.0 = Debug|Any CPU
		{5AE956C7-00F6-476D-BF79-61F3154DD9C6}.Release|Any CPU.ActiveCfg = Release|Any CPU
		{5AE956C7-00F6-476D-BF79-61F3154DD9C6}.Release|Any CPU.Build.0 = Release|Any CPU
		{53025CFB-3466-4B0A-8677-A2512BE6B3D0}.Debug|Any CPU.ActiveCfg = Debug|Any CPU
		{53025CFB-3466-4B0A-8677-A2512BE6B3D0}.Debug|Any CPU.Build.0 = Debug|Any CPU
		{53025CFB-3466-4B0A-8677-A2512BE6B3D0}.Release|Any CPU.ActiveCfg = Release|Any CPU
		{53025CFB-3466-4B0A-8677-A2512BE6B3D0}.Release|Any CPU.Build.0 = Release|Any CPU
		{A74AD075-179C-46BB-B7C3-244D6EC77CB9}.Debug|Any CPU.ActiveCfg = Debug|Any CPU
		{A74AD075-179C-46BB-B7C3-244D6EC77CB9}.Debug|Any CPU.Build.0 = Debug|Any CPU
		{A74AD075-179C-46BB-B7C3-244D6EC77CB9}.Release|Any CPU.ActiveCfg = Release|Any CPU
		{A74AD075-179C-46BB-B7C3-244D6EC77CB9}.Release|Any CPU.Build.0 = Release|Any CPU
		{84B84B73-5CE3-4C45-9572-480750B83829}.Debug|Any CPU.ActiveCfg = Debug|Any CPU
		{84B84B73-5CE3-4C45-9572-480750B83829}.Debug|Any CPU.Build.0 = Debug|Any CPU
		{84B84B73-5CE3-4C45-9572-480750B83829}.Release|Any CPU.ActiveCfg = Release|Any CPU
		{84B84B73-5CE3-4C45-9572-480750B83829}.Release|Any CPU.Build.0 = Release|Any CPU
		{E0601739-027C-40D2-9A9D-C380D63BA397}.Debug|Any CPU.ActiveCfg = Debug|Any CPU
		{E0601739-027C-40D2-9A9D-C380D63BA397}.Debug|Any CPU.Build.0 = Debug|Any CPU
		{E0601739-027C-40D2-9A9D-C380D63BA397}.Release|Any CPU.ActiveCfg = Release|Any CPU
		{E0601739-027C-40D2-9A9D-C380D63BA397}.Release|Any CPU.Build.0 = Release|Any CPU
		{F05623BD-1552-49AB-B773-C73EF88987D0}.Debug|Any CPU.ActiveCfg = Debug|Any CPU
		{F05623BD-1552-49AB-B773-C73EF88987D0}.Debug|Any CPU.Build.0 = Debug|Any CPU
		{F05623BD-1552-49AB-B773-C73EF88987D0}.Release|Any CPU.ActiveCfg = Release|Any CPU
		{F05623BD-1552-49AB-B773-C73EF88987D0}.Release|Any CPU.Build.0 = Release|Any CPU
		{561F6E7B-7354-4545-B61E-6C5A75DDE423}.Debug|Any CPU.ActiveCfg = Debug|Any CPU
		{561F6E7B-7354-4545-B61E-6C5A75DDE423}.Debug|Any CPU.Build.0 = Debug|Any CPU
		{561F6E7B-7354-4545-B61E-6C5A75DDE423}.Release|Any CPU.ActiveCfg = Release|Any CPU
		{561F6E7B-7354-4545-B61E-6C5A75DDE423}.Release|Any CPU.Build.0 = Release|Any CPU
		{1E354A8F-B63F-47C4-A299-D746CF3BD0CC}.Debug|Any CPU.ActiveCfg = Debug|Any CPU
		{1E354A8F-B63F-47C4-A299-D746CF3BD0CC}.Debug|Any CPU.Build.0 = Debug|Any CPU
		{1E354A8F-B63F-47C4-A299-D746CF3BD0CC}.Release|Any CPU.ActiveCfg = Release|Any CPU
		{1E354A8F-B63F-47C4-A299-D746CF3BD0CC}.Release|Any CPU.Build.0 = Release|Any CPU
		{9235F179-E471-4E2A-86D5-5417BE4DC611}.Debug|Any CPU.ActiveCfg = Debug|Any CPU
		{9235F179-E471-4E2A-86D5-5417BE4DC611}.Debug|Any CPU.Build.0 = Debug|Any CPU
		{9235F179-E471-4E2A-86D5-5417BE4DC611}.Release|Any CPU.ActiveCfg = Release|Any CPU
		{9235F179-E471-4E2A-86D5-5417BE4DC611}.Release|Any CPU.Build.0 = Release|Any CPU
		{4F67073C-6402-4600-9B4A-3BBDD9B4506A}.Debug|Any CPU.ActiveCfg = Debug|Any CPU
		{4F67073C-6402-4600-9B4A-3BBDD9B4506A}.Debug|Any CPU.Build.0 = Debug|Any CPU
		{4F67073C-6402-4600-9B4A-3BBDD9B4506A}.Release|Any CPU.ActiveCfg = Release|Any CPU
		{4F67073C-6402-4600-9B4A-3BBDD9B4506A}.Release|Any CPU.Build.0 = Release|Any CPU
		{357588FE-C6D4-4256-B6C5-86A48D17749C}.Debug|Any CPU.ActiveCfg = Debug|Any CPU
		{357588FE-C6D4-4256-B6C5-86A48D17749C}.Debug|Any CPU.Build.0 = Debug|Any CPU
		{357588FE-C6D4-4256-B6C5-86A48D17749C}.Release|Any CPU.ActiveCfg = Release|Any CPU
		{357588FE-C6D4-4256-B6C5-86A48D17749C}.Release|Any CPU.Build.0 = Release|Any CPU
		{CCDBD748-94D4-4483-8B40-8C9D141DE9A1}.Debug|Any CPU.ActiveCfg = Debug|Any CPU
		{CCDBD748-94D4-4483-8B40-8C9D141DE9A1}.Debug|Any CPU.Build.0 = Debug|Any CPU
		{CCDBD748-94D4-4483-8B40-8C9D141DE9A1}.Release|Any CPU.ActiveCfg = Release|Any CPU
		{CCDBD748-94D4-4483-8B40-8C9D141DE9A1}.Release|Any CPU.Build.0 = Release|Any CPU
		{1A375D02-730E-492B-9B40-C5981250B3F8}.Debug|Any CPU.ActiveCfg = Debug|Any CPU
		{1A375D02-730E-492B-9B40-C5981250B3F8}.Debug|Any CPU.Build.0 = Debug|Any CPU
		{1A375D02-730E-492B-9B40-C5981250B3F8}.Release|Any CPU.ActiveCfg = Release|Any CPU
		{1A375D02-730E-492B-9B40-C5981250B3F8}.Release|Any CPU.Build.0 = Release|Any CPU
		{BEFF8AEB-05D2-4606-8EE4-F2306577D36C}.Debug|Any CPU.ActiveCfg = Debug|Any CPU
		{BEFF8AEB-05D2-4606-8EE4-F2306577D36C}.Debug|Any CPU.Build.0 = Debug|Any CPU
		{BEFF8AEB-05D2-4606-8EE4-F2306577D36C}.Release|Any CPU.ActiveCfg = Release|Any CPU
		{BEFF8AEB-05D2-4606-8EE4-F2306577D36C}.Release|Any CPU.Build.0 = Release|Any CPU
		{D1D937B0-20D0-4FE2-B1AF-5E8A54002E8B}.Debug|Any CPU.ActiveCfg = Debug|Any CPU
		{D1D937B0-20D0-4FE2-B1AF-5E8A54002E8B}.Debug|Any CPU.Build.0 = Debug|Any CPU
		{D1D937B0-20D0-4FE2-B1AF-5E8A54002E8B}.Release|Any CPU.ActiveCfg = Release|Any CPU
		{D1D937B0-20D0-4FE2-B1AF-5E8A54002E8B}.Release|Any CPU.Build.0 = Release|Any CPU
	EndGlobalSection
	GlobalSection(SolutionProperties) = preSolution
		HideSolutionNode = FALSE
	EndGlobalSection
	GlobalSection(NestedProjects) = preSolution
		{5AE956C7-00F6-476D-BF79-61F3154DD9C6} = {7F19F07D-D9E8-4F1F-B707-9E99FDD683F9}
		{53025CFB-3466-4B0A-8677-A2512BE6B3D0} = {7F19F07D-D9E8-4F1F-B707-9E99FDD683F9}
		{A74AD075-179C-46BB-B7C3-244D6EC77CB9} = {4773CF66-A6E0-4A86-95BF-8DA1EA8EB8B1}
		{84B84B73-5CE3-4C45-9572-480750B83829} = {4773CF66-A6E0-4A86-95BF-8DA1EA8EB8B1}
		{E0601739-027C-40D2-9A9D-C380D63BA397} = {B5C61424-F0D9-476A-ACAE-979FF22E3B93}
		{F05623BD-1552-49AB-B773-C73EF88987D0} = {52B02919-FB44-4066-84EF-383F4B06E70D}
		{561F6E7B-7354-4545-B61E-6C5A75DDE423} = {DFEC1B2D-2709-4302-A8A1-C96A0CCAD004}
		{1E354A8F-B63F-47C4-A299-D746CF3BD0CC} = {17625B7A-AEB8-476F-98D0-32F3B3D428AA}
		{9235F179-E471-4E2A-86D5-5417BE4DC611} = {52B02919-FB44-4066-84EF-383F4B06E70D}
		{4F67073C-6402-4600-9B4A-3BBDD9B4506A} = {DFEC1B2D-2709-4302-A8A1-C96A0CCAD004}
		{357588FE-C6D4-4256-B6C5-86A48D17749C} = {17625B7A-AEB8-476F-98D0-32F3B3D428AA}
		{CCDBD748-94D4-4483-8B40-8C9D141DE9A1} = {B5C61424-F0D9-476A-ACAE-979FF22E3B93}
		{1A375D02-730E-492B-9B40-C5981250B3F8} = {B5C61424-F0D9-476A-ACAE-979FF22E3B93}
		{BEFF8AEB-05D2-4606-8EE4-F2306577D36C} = {17625B7A-AEB8-476F-98D0-32F3B3D428AA}
		{D1D937B0-20D0-4FE2-B1AF-5E8A54002E8B} = {DFEC1B2D-2709-4302-A8A1-C96A0CCAD004}
	EndGlobalSection
	GlobalSection(ExtensibilityGlobals) = postSolution
		SolutionGuid = {7E82065E-2222-4621-A155-6C9A991F71E5}
	EndGlobalSection
EndGlobal
